// !$*UTF8*$!
{
	archiveVersion = 1;
	classes = {
	};
	objectVersion = 55;
	objects = {

/* Begin PBXBuildFile section */
		6117698E29F8DD4700455BE7 /* Game.swift in Sources */ = {isa = PBXBuildFile; fileRef = 6117698D29F8DD4700455BE7 /* Game.swift */; };
		6117699629F8FE2900455BE7 /* FishingTests.swift in Sources */ = {isa = PBXBuildFile; fileRef = 6117699529F8FE2900455BE7 /* FishingTests.swift */; };
		6184C46529F7CAB2002AB191 /* FishingApp.swift in Sources */ = {isa = PBXBuildFile; fileRef = 6184C46429F7CAB2002AB191 /* FishingApp.swift */; };
		6184C46729F7CAB2002AB191 /* ContentView.swift in Sources */ = {isa = PBXBuildFile; fileRef = 6184C46629F7CAB2002AB191 /* ContentView.swift */; };
		6184C46929F7CAB3002AB191 /* Assets.xcassets in Resources */ = {isa = PBXBuildFile; fileRef = 6184C46829F7CAB3002AB191 /* Assets.xcassets */; };
		6184C46C29F7CAB3002AB191 /* Preview Assets.xcassets in Resources */ = {isa = PBXBuildFile; fileRef = 6184C46B29F7CAB3002AB191 /* Preview Assets.xcassets */; };
/* End PBXBuildFile section */

/* Begin PBXContainerItemProxy section */
		6117699729F8FE2900455BE7 /* PBXContainerItemProxy */ = {
			isa = PBXContainerItemProxy;
			containerPortal = 6184C45929F7CAB2002AB191 /* Project object */;
			proxyType = 1;
			remoteGlobalIDString = 6184C46029F7CAB2002AB191;
			remoteInfo = Fishing;
		};
/* End PBXContainerItemProxy section */

/* Begin PBXFileReference section */
		6117698D29F8DD4700455BE7 /* Game.swift */ = {isa = PBXFileReference; lastKnownFileType = sourcecode.swift; path = Game.swift; sourceTree = "<group>"; };
		6117699329F8FE2900455BE7 /* FishingTests.xctest */ = {isa = PBXFileReference; explicitFileType = wrapper.cfbundle; includeInIndex = 0; path = FishingTests.xctest; sourceTree = BUILT_PRODUCTS_DIR; };
		6117699529F8FE2900455BE7 /* FishingTests.swift */ = {isa = PBXFileReference; lastKnownFileType = sourcecode.swift; path = FishingTests.swift; sourceTree = "<group>"; };
		6184C46129F7CAB2002AB191 /* Fishing.app */ = {isa = PBXFileReference; explicitFileType = wrapper.application; includeInIndex = 0; path = Fishing.app; sourceTree = BUILT_PRODUCTS_DIR; };
		6184C46429F7CAB2002AB191 /* FishingApp.swift */ = {isa = PBXFileReference; lastKnownFileType = sourcecode.swift; path = FishingApp.swift; sourceTree = "<group>"; };
		6184C46629F7CAB2002AB191 /* ContentView.swift */ = {isa = PBXFileReference; lastKnownFileType = sourcecode.swift; path = ContentView.swift; sourceTree = "<group>"; };
		6184C46829F7CAB3002AB191 /* Assets.xcassets */ = {isa = PBXFileReference; lastKnownFileType = folder.assetcatalog; path = Assets.xcassets; sourceTree = "<group>"; };
		6184C46B29F7CAB3002AB191 /* Preview Assets.xcassets */ = {isa = PBXFileReference; lastKnownFileType = folder.assetcatalog; path = "Preview Assets.xcassets"; sourceTree = "<group>"; };
/* End PBXFileReference section */

/* Begin PBXFrameworksBuildPhase section */
		6117699029F8FE2900455BE7 /* Frameworks */ = {
			isa = PBXFrameworksBuildPhase;
			buildActionMask = 2147483647;
			files = (
			);
			runOnlyForDeploymentPostprocessing = 0;
		};
		6184C45E29F7CAB2002AB191 /* Frameworks */ = {
			isa = PBXFrameworksBuildPhase;
			buildActionMask = 2147483647;
			files = (
			);
			runOnlyForDeploymentPostprocessing = 0;
		};
/* End PBXFrameworksBuildPhase section */

/* Begin PBXGroup section */
		6117698B29F8DCE000455BE7 /* Views */ = {
			isa = PBXGroup;
			children = (
				6184C46429F7CAB2002AB191 /* FishingApp.swift */,
				6184C46629F7CAB2002AB191 /* ContentView.swift */,
			);
			path = Views;
			sourceTree = "<group>";
		};
		6117698C29F8DCED00455BE7 /* Models */ = {
			isa = PBXGroup;
			children = (
				6117698D29F8DD4700455BE7 /* Game.swift */,
			);
			path = Models;
			sourceTree = "<group>";
		};
		6117699429F8FE2900455BE7 /* FishingTests */ = {
			isa = PBXGroup;
			children = (
				6117699529F8FE2900455BE7 /* FishingTests.swift */,
			);
			path = FishingTests;
			sourceTree = "<group>";
		};
		6184C45829F7CAB2002AB191 = {
			isa = PBXGroup;
			children = (
				6184C46329F7CAB2002AB191 /* Fishing */,
				6117699429F8FE2900455BE7 /* FishingTests */,
				6184C46229F7CAB2002AB191 /* Products */,
			);
			sourceTree = "<group>";
		};
		6184C46229F7CAB2002AB191 /* Products */ = {
			isa = PBXGroup;
			children = (
				6184C46129F7CAB2002AB191 /* Fishing.app */,
				6117699329F8FE2900455BE7 /* FishingTests.xctest */,
			);
			name = Products;
			sourceTree = "<group>";
		};
		6184C46329F7CAB2002AB191 /* Fishing */ = {
			isa = PBXGroup;
			children = (
				6117698C29F8DCED00455BE7 /* Models */,
				6117698B29F8DCE000455BE7 /* Views */,
				6184C46829F7CAB3002AB191 /* Assets.xcassets */,
				6184C46A29F7CAB3002AB191 /* Preview Content */,
			);
			path = Fishing;
			sourceTree = "<group>";
		};
		6184C46A29F7CAB3002AB191 /* Preview Content */ = {
			isa = PBXGroup;
			children = (
				6184C46B29F7CAB3002AB191 /* Preview Assets.xcassets */,
			);
			path = "Preview Content";
			sourceTree = "<group>";
		};
/* End PBXGroup section */

/* Begin PBXNativeTarget section */
		6117699229F8FE2900455BE7 /* FishingTests */ = {
			isa = PBXNativeTarget;
			buildConfigurationList = 6117699929F8FE2900455BE7 /* Build configuration list for PBXNativeTarget "FishingTests" */;
			buildPhases = (
				6117698F29F8FE2900455BE7 /* Sources */,
				6117699029F8FE2900455BE7 /* Frameworks */,
				6117699129F8FE2900455BE7 /* Resources */,
			);
			buildRules = (
			);
			dependencies = (
				6117699829F8FE2900455BE7 /* PBXTargetDependency */,
			);
			name = FishingTests;
			productName = FishingTests;
			productReference = 6117699329F8FE2900455BE7 /* FishingTests.xctest */;
			productType = "com.apple.product-type.bundle.unit-test";
		};
		6184C46029F7CAB2002AB191 /* Fishing */ = {
			isa = PBXNativeTarget;
			buildConfigurationList = 6184C46F29F7CAB3002AB191 /* Build configuration list for PBXNativeTarget "Fishing" */;
			buildPhases = (
				6184C45D29F7CAB2002AB191 /* Sources */,
				6184C45E29F7CAB2002AB191 /* Frameworks */,
				6184C45F29F7CAB2002AB191 /* Resources */,
			);
			buildRules = (
			);
			dependencies = (
			);
			name = Fishing;
			productName = Fishing;
			productReference = 6184C46129F7CAB2002AB191 /* Fishing.app */;
			productType = "com.apple.product-type.application";
		};
/* End PBXNativeTarget section */

/* Begin PBXProject section */
		6184C45929F7CAB2002AB191 /* Project object */ = {
			isa = PBXProject;
			attributes = {
				BuildIndependentTargetsInParallel = 1;
				LastSwiftUpdateCheck = 1340;
				LastUpgradeCheck = 1340;
				TargetAttributes = {
					6117699229F8FE2900455BE7 = {
						CreatedOnToolsVersion = 13.4.1;
						TestTargetID = 6184C46029F7CAB2002AB191;
					};
					6184C46029F7CAB2002AB191 = {
						CreatedOnToolsVersion = 13.4.1;
					};
				};
			};
			buildConfigurationList = 6184C45C29F7CAB2002AB191 /* Build configuration list for PBXProject "Fishing" */;
			compatibilityVersion = "Xcode 13.0";
			developmentRegion = en;
			hasScannedForEncodings = 0;
			knownRegions = (
				en,
				Base,
			);
			mainGroup = 6184C45829F7CAB2002AB191;
			productRefGroup = 6184C46229F7CAB2002AB191 /* Products */;
			projectDirPath = "";
			projectRoot = "";
			targets = (
				6184C46029F7CAB2002AB191 /* Fishing */,
				6117699229F8FE2900455BE7 /* FishingTests */,
			);
		};
/* End PBXProject section */

/* Begin PBXResourcesBuildPhase section */
		6117699129F8FE2900455BE7 /* Resources */ = {
			isa = PBXResourcesBuildPhase;
			buildActionMask = 2147483647;
			files = (
			);
			runOnlyForDeploymentPostprocessing = 0;
		};
		6184C45F29F7CAB2002AB191 /* Resources */ = {
			isa = PBXResourcesBuildPhase;
			buildActionMask = 2147483647;
			files = (
				6184C46C29F7CAB3002AB191 /* Preview Assets.xcassets in Resources */,
				6184C46929F7CAB3002AB191 /* Assets.xcassets in Resources */,
			);
			runOnlyForDeploymentPostprocessing = 0;
		};
/* End PBXResourcesBuildPhase section */

/* Begin PBXSourcesBuildPhase section */
		6117698F29F8FE2900455BE7 /* Sources */ = {
			isa = PBXSourcesBuildPhase;
			buildActionMask = 2147483647;
			files = (
				6117699629F8FE2900455BE7 /* FishingTests.swift in Sources */,
			);
			runOnlyForDeploymentPostprocessing = 0;
		};
		6184C45D29F7CAB2002AB191 /* Sources */ = {
			isa = PBXSourcesBuildPhase;
			buildActionMask = 2147483647;
			files = (
				6184C46729F7CAB2002AB191 /* ContentView.swift in Sources */,
				6117698E29F8DD4700455BE7 /* Game.swift in Sources */,
				6184C46529F7CAB2002AB191 /* FishingApp.swift in Sources */,
			);
			runOnlyForDeploymentPostprocessing = 0;
		};
/* End PBXSourcesBuildPhase section */

/* Begin PBXTargetDependency section */
		6117699829F8FE2900455BE7 /* PBXTargetDependency */ = {
			isa = PBXTargetDependency;
			target = 6184C46029F7CAB2002AB191 /* Fishing */;
			targetProxy = 6117699729F8FE2900455BE7 /* PBXContainerItemProxy */;
		};
/* End PBXTargetDependency section */

/* Begin XCBuildConfiguration section */
		6117699A29F8FE2900455BE7 /* Debug */ = {
			isa = XCBuildConfiguration;
			buildSettings = {
				BUNDLE_LOADER = "$(TEST_HOST)";
				CODE_SIGN_STYLE = Automatic;
				CURRENT_PROJECT_VERSION = 1;
				DEVELOPMENT_TEAM = F6AF2Z7N97;
				GENERATE_INFOPLIST_FILE = YES;
				MARKETING_VERSION = 1.0;
				PRODUCT_BUNDLE_IDENTIFIER = org.ffactory.FishingTests;
				PRODUCT_NAME = "$(TARGET_NAME)";
				SWIFT_EMIT_LOC_STRINGS = NO;
				SWIFT_VERSION = 5.0;
				TARGETED_DEVICE_FAMILY = "1,2";
				TEST_HOST = "$(BUILT_PRODUCTS_DIR)/Fishing.app/Fishing";
			};
			name = Debug;
		};
		6117699B29F8FE2900455BE7 /* Release */ = {
			isa = XCBuildConfiguration;
			buildSettings = {
				BUNDLE_LOADER = "$(TEST_HOST)";
				CODE_SIGN_STYLE = Automatic;
				CURRENT_PROJECT_VERSION = 1;
				DEVELOPMENT_TEAM = F6AF2Z7N97;
				GENERATE_INFOPLIST_FILE = YES;
				MARKETING_VERSION = 1.0;
				PRODUCT_BUNDLE_IDENTIFIER = org.ffactory.FishingTests;
				PRODUCT_NAME = "$(TARGET_NAME)";
				SWIFT_EMIT_LOC_STRINGS = NO;
				SWIFT_VERSION = 5.0;
				TARGETED_DEVICE_FAMILY = "1,2";
				TEST_HOST = "$(BUILT_PRODUCTS_DIR)/Fishing.app/Fishing";
			};
			name = Release;
		};
		6184C46D29F7CAB3002AB191 /* Debug */ = {
			isa = XCBuildConfiguration;
			buildSettings = {
				ALWAYS_SEARCH_USER_PATHS = NO;
				CLANG_ANALYZER_NONNULL = YES;
				CLANG_ANALYZER_NUMBER_OBJECT_CONVERSION = YES_AGGRESSIVE;
				CLANG_CXX_LANGUAGE_STANDARD = "gnu++17";
				CLANG_ENABLE_MODULES = YES;
				CLANG_ENABLE_OBJC_ARC = YES;
				CLANG_ENABLE_OBJC_WEAK = YES;
				CLANG_WARN_BLOCK_CAPTURE_AUTORELEASING = YES;
				CLANG_WARN_BOOL_CONVERSION = YES;
				CLANG_WARN_COMMA = YES;
				CLANG_WARN_CONSTANT_CONVERSION = YES;
				CLANG_WARN_DEPRECATED_OBJC_IMPLEMENTATIONS = YES;
				CLANG_WARN_DIRECT_OBJC_ISA_USAGE = YES_ERROR;
				CLANG_WARN_DOCUMENTATION_COMMENTS = YES;
				CLANG_WARN_EMPTY_BODY = YES;
				CLANG_WARN_ENUM_CONVERSION = YES;
				CLANG_WARN_INFINITE_RECURSION = YES;
				CLANG_WARN_INT_CONVERSION = YES;
				CLANG_WARN_NON_LITERAL_NULL_CONVERSION = YES;
				CLANG_WARN_OBJC_IMPLICIT_RETAIN_SELF = YES;
				CLANG_WARN_OBJC_LITERAL_CONVERSION = YES;
				CLANG_WARN_OBJC_ROOT_CLASS = YES_ERROR;
				CLANG_WARN_QUOTED_INCLUDE_IN_FRAMEWORK_HEADER = YES;
				CLANG_WARN_RANGE_LOOP_ANALYSIS = YES;
				CLANG_WARN_STRICT_PROTOTYPES = YES;
				CLANG_WARN_SUSPICIOUS_MOVE = YES;
				CLANG_WARN_UNGUARDED_AVAILABILITY = YES_AGGRESSIVE;
				CLANG_WARN_UNREACHABLE_CODE = YES;
				CLANG_WARN__DUPLICATE_METHOD_MATCH = YES;
				COPY_PHASE_STRIP = NO;
				DEBUG_INFORMATION_FORMAT = dwarf;
				ENABLE_STRICT_OBJC_MSGSEND = YES;
				ENABLE_TESTABILITY = YES;
				GCC_C_LANGUAGE_STANDARD = gnu11;
				GCC_DYNAMIC_NO_PIC = NO;
				GCC_NO_COMMON_BLOCKS = YES;
				GCC_OPTIMIZATION_LEVEL = 0;
				GCC_PREPROCESSOR_DEFINITIONS = (
					"DEBUG=1",
					"$(inherited)",
				);
				GCC_WARN_64_TO_32_BIT_CONVERSION = YES;
				GCC_WARN_ABOUT_RETURN_TYPE = YES_ERROR;
				GCC_WARN_UNDECLARED_SELECTOR = YES;
				GCC_WARN_UNINITIALIZED_AUTOS = YES_AGGRESSIVE;
				GCC_WARN_UNUSED_FUNCTION = YES;
				GCC_WARN_UNUSED_VARIABLE = YES;
				IPHONEOS_DEPLOYMENT_TARGET = 15.5;
				MTL_ENABLE_DEBUG_INFO = INCLUDE_SOURCE;
				MTL_FAST_MATH = YES;
				ONLY_ACTIVE_ARCH = YES;
				SDKROOT = iphoneos;
				SWIFT_ACTIVE_COMPILATION_CONDITIONS = DEBUG;
				SWIFT_OPTIMIZATION_LEVEL = "-Onone";
			};
			name = Debug;
		};
		6184C46E29F7CAB3002AB191 /* Release */ = {
			isa = XCBuildConfiguration;
			buildSettings = {
				ALWAYS_SEARCH_USER_PATHS = NO;
				CLANG_ANALYZER_NONNULL = YES;
				CLANG_ANALYZER_NUMBER_OBJECT_CONVERSION = YES_AGGRESSIVE;
				CLANG_CXX_LANGUAGE_STANDARD = "gnu++17";
				CLANG_ENABLE_MODULES = YES;
				CLANG_ENABLE_OBJC_ARC = YES;
				CLANG_ENABLE_OBJC_WEAK = YES;
				CLANG_WARN_BLOCK_CAPTURE_AUTORELEASING = YES;
				CLANG_WARN_BOOL_CONVERSION = YES;
				CLANG_WARN_COMMA = YES;
				CLANG_WARN_CONSTANT_CONVERSION = YES;
				CLANG_WARN_DEPRECATED_OBJC_IMPLEMENTATIONS = YES;
				CLANG_WARN_DIRECT_OBJC_ISA_USAGE = YES_ERROR;
				CLANG_WARN_DOCUMENTATION_COMMENTS = YES;
				CLANG_WARN_EMPTY_BODY = YES;
				CLANG_WARN_ENUM_CONVERSION = YES;
				CLANG_WARN_INFINITE_RECURSION = YES;
				CLANG_WARN_INT_CONVERSION = YES;
				CLANG_WARN_NON_LITERAL_NULL_CONVERSION = YES;
				CLANG_WARN_OBJC_IMPLICIT_RETAIN_SELF = YES;
				CLANG_WARN_OBJC_LITERAL_CONVERSION = YES;
				CLANG_WARN_OBJC_ROOT_CLASS = YES_ERROR;
				CLANG_WARN_QUOTED_INCLUDE_IN_FRAMEWORK_HEADER = YES;
				CLANG_WARN_RANGE_LOOP_ANALYSIS = YES;
				CLANG_WARN_STRICT_PROTOTYPES = YES;
				CLANG_WARN_SUSPICIOUS_MOVE = YES;
				CLANG_WARN_UNGUARDED_AVAILABILITY = YES_AGGRESSIVE;
				CLANG_WARN_UNREACHABLE_CODE = YES;
				CLANG_WARN__DUPLICATE_METHOD_MATCH = YES;
				COPY_PHASE_STRIP = NO;
				DEBUG_INFORMATION_FORMAT = "dwarf-with-dsym";
				ENABLE_NS_ASSERTIONS = NO;
				ENABLE_STRICT_OBJC_MSGSEND = YES;
				GCC_C_LANGUAGE_STANDARD = gnu11;
				GCC_NO_COMMON_BLOCKS = YES;
				GCC_WARN_64_TO_32_BIT_CONVERSION = YES;
				GCC_WARN_ABOUT_RETURN_TYPE = YES_ERROR;
				GCC_WARN_UNDECLARED_SELECTOR = YES;
				GCC_WARN_UNINITIALIZED_AUTOS = YES_AGGRESSIVE;
				GCC_WARN_UNUSED_FUNCTION = YES;
				GCC_WARN_UNUSED_VARIABLE = YES;
				IPHONEOS_DEPLOYMENT_TARGET = 15.5;
				MTL_ENABLE_DEBUG_INFO = NO;
				MTL_FAST_MATH = YES;
				SDKROOT = iphoneos;
				SWIFT_COMPILATION_MODE = wholemodule;
				SWIFT_OPTIMIZATION_LEVEL = "-O";
				VALIDATE_PRODUCT = YES;
			};
			name = Release;
		};
		6184C47029F7CAB3002AB191 /* Debug */ = {
			isa = XCBuildConfiguration;
			buildSettings = {
				ASSETCATALOG_COMPILER_APPICON_NAME = AppIcon;
				ASSETCATALOG_COMPILER_GLOBAL_ACCENT_COLOR_NAME = AccentColor;
				CODE_SIGN_STYLE = Automatic;
				CURRENT_PROJECT_VERSION = 1;
				DEVELOPMENT_ASSET_PATHS = "\"Fishing/Preview Content\"";
				DEVELOPMENT_TEAM = F6AF2Z7N97;
				ENABLE_PREVIEWS = YES;
				GENERATE_INFOPLIST_FILE = YES;
				INFOPLIST_KEY_UIApplicationSceneManifest_Generation = YES;
				INFOPLIST_KEY_UIApplicationSupportsIndirectInputEvents = YES;
				INFOPLIST_KEY_UILaunchScreen_Generation = YES;
				INFOPLIST_KEY_UISupportedInterfaceOrientations_iPad = "UIInterfaceOrientationPortrait UIInterfaceOrientationPortraitUpsideDown UIInterfaceOrientationLandscapeLeft UIInterfaceOrientationLandscapeRight";
				INFOPLIST_KEY_UISupportedInterfaceOrientations_iPhone = "UIInterfaceOrientationPortrait UIInterfaceOrientationLandscapeLeft UIInterfaceOrientationLandscapeRight";
				LD_RUNPATH_SEARCH_PATHS = (
					"$(inherited)",
					"@executable_path/Frameworks",
				);
				MARKETING_VERSION = 1.0;
				PRODUCT_BUNDLE_IDENTIFIER = org.ffactory.Fishing;
				PRODUCT_NAME = "$(TARGET_NAME)";
				SWIFT_EMIT_LOC_STRINGS = YES;
				SWIFT_VERSION = 5.0;
				TARGETED_DEVICE_FAMILY = "1,2";
			};
			name = Debug;
		};
		6184C47129F7CAB3002AB191 /* Release */ = {
			isa = XCBuildConfiguration;
			buildSettings = {
				ASSETCATALOG_COMPILER_APPICON_NAME = AppIcon;
				ASSETCATALOG_COMPILER_GLOBAL_ACCENT_COLOR_NAME = AccentColor;
				CODE_SIGN_STYLE = Automatic;
				CURRENT_PROJECT_VERSION = 1;
				DEVELOPMENT_ASSET_PATHS = "\"Fishing/Preview Content\"";
				DEVELOPMENT_TEAM = F6AF2Z7N97;
				ENABLE_PREVIEWS = YES;
				GENERATE_INFOPLIST_FILE = YES;
				INFOPLIST_KEY_UIApplicationSceneManifest_Generation = YES;
				INFOPLIST_KEY_UIApplicationSupportsIndirectInputEvents = YES;
				INFOPLIST_KEY_UILaunchScreen_Generation = YES;
				INFOPLIST_KEY_UISupportedInterfaceOrientations_iPad = "UIInterfaceOrientationPortrait UIInterfaceOrientationPortraitUpsideDown UIInterfaceOrientationLandscapeLeft UIInterfaceOrientationLandscapeRight";
				INFOPLIST_KEY_UISupportedInterfaceOrientations_iPhone = "UIInterfaceOrientationPortrait UIInterfaceOrientationLandscapeLeft UIInterfaceOrientationLandscapeRight";
				LD_RUNPATH_SEARCH_PATHS = (
					"$(inherited)",
					"@executable_path/Frameworks",
				);
				MARKETING_VERSION = 1.0;
				PRODUCT_BUNDLE_IDENTIFIER = org.ffactory.Fishing;
				PRODUCT_NAME = "$(TARGET_NAME)";
				SWIFT_EMIT_LOC_STRINGS = YES;
				SWIFT_VERSION = 5.0;
				TARGETED_DEVICE_FAMILY = "1,2";
			};
			name = Release;
		};
/* End XCBuildConfiguration section */

/* Begin XCConfigurationList section */
		6117699929F8FE2900455BE7 /* Build configuration list for PBXNativeTarget "FishingTests" */ = {
			isa = XCConfigurationList;
			buildConfigurations = (
				6117699A29F8FE2900455BE7 /* Debug */,
				6117699B29F8FE2900455BE7 /* Release */,
			);
			defaultConfigurationIsVisible = 0;
			defaultConfigurationName = Release;
		};
		6184C45C29F7CAB2002AB191 /* Build configuration list for PBXProject "Fishing" */ = {
			isa = XCConfigurationList;
			buildConfigurations = (
				6184C46D29F7CAB3002AB191 /* Debug */,
				6184C46E29F7CAB3002AB191 /* Release */,
			);
			defaultConfigurationIsVisible = 0;
			defaultConfigurationName = Release;
		};
		6184C46F29F7CAB3002AB191 /* Build configuration list for PBXNativeTarget "Fishing" */ = {
			isa = XCConfigurationList;
			buildConfigurations = (
				6184C47029F7CAB3002AB191 /* Debug */,
				6184C47129F7CAB3002AB191 /* Release */,
			);
			defaultConfigurationIsVisible = 0;
			defaultConfigurationName = Release;
		};
/* End XCConfigurationList section */
	};
	rootObject = 6184C45929F7CAB2002AB191 /* Project object */;
}
